PODS:
  - AFNetworking (4.0.1):
    - AFNetworking/NSURLSession (= 4.0.1)
    - AFNetworking/Reachability (= 4.0.1)
    - AFNetworking/Security (= 4.0.1)
    - AFNetworking/Serialization (= 4.0.1)
    - AFNetworking/UIKit (= 4.0.1)
  - AFNetworking/NSURLSession (4.0.1):
    - AFNetworking/Reachability
    - AFNetworking/Security
    - AFNetworking/Serialization
  - AFNetworking/Reachability (4.0.1)
  - AFNetworking/Security (4.0.1)
  - AFNetworking/Serialization (4.0.1)
  - AFNetworking/UIKit (4.0.1):
    - AFNetworking/NSURLSession
  - CYLTableViewPlaceHolder (1.0.9)
  - DACircularProgress (2.3.1)
  - FLAnimatedImage (1.0.12)
  - IDMPhotoBrowser (1.10.2):
    - DACircularProgress
    - pop
    - SDWebImage
  - IQKeyboardManager (6.5.6)
  - Masonry (1.1.0)
  - MBProgressHUD (1.2.0)
  - MJExtension (3.2.2)
  - MJRefresh (3.5.0)
  - MSWeakTimer (1.1.0)
  - pop (1.0.12)
  - SCLAlertView-Objective-C (1.2.0)
  - SDCycleScrollView (1.82):
    - SDWebImage (>= 5.0.0)
  - SDWebImage (5.9.5):
    - SDWebImage/Core (= 5.9.5)
  - SDWebImage/Core (5.9.5)
  - "UITableView+FDTemplateLayoutCell (1.6)"
  - XHLaunchAd (3.9.12):
    - FLAnimatedImage (~> 1.0.12)
  - YYCache (1.0.4)
  - YYText (1.0.7)

DEPENDENCIES:
  - AFNetworking
  - CYLTableViewPlaceHolder
  - IDMPhotoBrowser
  - IQKeyboardManager
  - Masonry
  - MBProgressHUD
  - MJExtension
  - MJRefresh
  - MSWeakTimer
  - SCLAlertView-Objective-C
  - SDCycleScrollView
  - SDWebImage
  - "UITableView+FDTemplateLayoutCell"
  - XHLaunchAd
  - YYCache
  - YYText

SPEC REPOS:
  https://github.com/CocoaPods/Specs.git:
    - AFNetworking
    - CYLTableViewPlaceHolder
    - DACircularProgress
    - FLAnimatedImage
    - IDMPhotoBrowser
    - IQKeyboardManager
    - Masonry
    - MBProgressHUD
    - MJExtension
    - MJRefresh
    - MSWeakTimer
    - pop
    - SCLAlertView-Objective-C
    - SDCycleScrollView
    - SDWebImage
    - "UITableView+FDTemplateLayoutCell"
    - XHLaunchAd
    - YYCache
    - YYText

SPEC CHECKSUMS:
  AFNetworking: 7864c38297c79aaca1500c33288e429c3451fdce
  CYLTableViewPlaceHolder: 678e070180a24e2f241adc7830d5d7f5e2abbaa5
  DACircularProgress: 4dd437c0fc3da5161cb289e07ac449493d41db71
  FLAnimatedImage: 4a0b56255d9b05f18b6dd7ee06871be5d3b89e31
  IDMPhotoBrowser: 4bb459b1faffc228e92bccdf7c54ad6d6b7e8c37
  IQKeyboardManager: 2a6e97afdafc7becf0cb17a9a8d795e3a980717f
  Masonry: 678fab65091a9290e40e2832a55e7ab731aad201
  MBProgressHUD: 3ee5efcc380f6a79a7cc9b363dd669c5e1ae7406
  MJExtension: d9b9c74cbdeb724c1e9ecbb157b318276e62e876
  MJRefresh: 6afc955813966afb08305477dd7a0d9ad5e79a16
  MSWeakTimer: 9426150f933b80ed3acf3f6d228e4b61f0e303c8
  pop: d582054913807fd11fd50bfe6a539d91c7e1a55a
  SCLAlertView-Objective-C: 84f12f66d779dadad7f293e5e8b7697ba4254ee0
  SDCycleScrollView: a0d74c3384caa72bdfc81470bdbc8c14b3e1fbcf
  SDWebImage: 0b2ba0d56479bf6a45ecddbfd5558bea93150d25
  "UITableView+FDTemplateLayoutCell": 5c949b4a5059c404b442926c0e80f81d10a2d66f
  XHLaunchAd: 6320f9c68732667323072fc3a5f104e40fbe9cfe
  YYCache: 8105b6638f5e849296c71f331ff83891a4942952
  YYText: 5c461d709e24d55a182d1441c41dc639a18a4849

PODFILE CHECKSUM: cb3d440eb0970ba6e2e7a86205d21940a6e1be36

COCOAPODS: 1.9.3
